{
  "name": "mse-audio-wrapper",
  "version": "1.4.5",
  "lockfileVersion": 2,
  "requires": true,
  "packages": {
    "": {
      "name": "mse-audio-wrapper",
      "version": "1.4.5",
      "license": "LGPL-3.0-or-later",
      "dependencies": {
        "codec-parser": "2.0.2"
      },
      "devDependencies": {
        "prettier": "^2.6.2"
      },
      "funding": {
        "type": "individual",
        "url": "https://github.com/sponsors/eshaz"
      }
    },
    "node_modules/codec-parser": {
      "version": "2.0.2",
      "resolved": "https://registry.npmjs.org/codec-parser/-/codec-parser-2.0.2.tgz",
      "integrity": "sha512-HgqpojB1XmF4c+B2ofF03RhzBP7UfdWBrdBq8rI3+XXrX442o2+ZvilJjN1DMbZaIFE2/CLhj+1W6Up7paATXA=="
    },
    "node_modules/prettier": {
      "version": "2.6.2",
      "resolved": "https://registry.npmjs.org/prettier/-/prettier-2.6.2.tgz",
      "integrity": "sha512-PkUpF+qoXTqhOeWL9fu7As8LXsIUZ1WYaJiY/a7McAQzxjk82OF0tibkFXVCDImZtWxbvojFjerkiLb0/q8mew==",
      "dev": true,
      "bin": {
        "prettier": "bin-prettier.js"
      },
      "engines": {
        "node": ">=10.13.0"
      },
      "funding": {
        "url": "https://github.com/prettier/prettier?sponsor=1"
      }
    }
  },
  "dependencies": {
    "codec-parser": {
      "version": "2.0.2",
      "resolved": "https://registry.npmjs.org/codec-parser/-/codec-parser-2.0.2.tgz",
      "integrity": "sha512-HgqpojB1XmF4c+B2ofF03RhzBP7UfdWBrdBq8rI3+XXrX442o2+ZvilJjN1DMbZaIFE2/CLhj+1W6Up7paATXA=="
    },
    "prettier": {
      "version": "2.6.2",
      "resolved": "https://registry.npmjs.org/prettier/-/prettier-2.6.2.tgz",
      "integrity": "sha512-PkUpF+qoXTqhOeWL9fu7As8LXsIUZ1WYaJiY/a7McAQzxjk82OF0tibkFXVCDImZtWxbvojFjerkiLb0/q8mew==",
      "dev": true
    }
  }
}
