{
  "name": "mse-audio-wrapper",
  "version": "1.4.4",
  "lockfileVersion": 2,
  "requires": true,
  "packages": {
    "": {
      "name": "mse-audio-wrapper",
      "version": "1.4.4",
      "license": "LGPL-3.0-or-later",
      "dependencies": {
        "codec-parser": "2.0.1"
      },
      "devDependencies": {
        "prettier": "^2.5.1"
      },
      "funding": {
        "type": "individual",
        "url": "https://github.com/sponsors/eshaz"
      }
    },
    "node_modules/codec-parser": {
      "version": "2.0.1",
      "resolved": "https://registry.npmjs.org/codec-parser/-/codec-parser-2.0.1.tgz",
      "integrity": "sha512-uklWKObm7GFPmo312MRHfWWCbLQV+LfY/0L8ttZdsNnWYRbqVm/NfJjFKbEvDM6XV5FS+AWMv47dvgkkdqnuCg=="
    },
    "node_modules/prettier": {
      "version": "2.5.1",
      "resolved": "https://registry.npmjs.org/prettier/-/prettier-2.5.1.tgz",
      "integrity": "sha512-vBZcPRUR5MZJwoyi3ZoyQlc1rXeEck8KgeC9AwwOn+exuxLxq5toTRDTSaVrXHxelDMHy9zlicw8u66yxoSUFg==",
      "dev": true,
      "bin": {
        "prettier": "bin-prettier.js"
      },
      "engines": {
        "node": ">=10.13.0"
      }
    }
  },
  "dependencies": {
    "codec-parser": {
      "version": "2.0.1",
      "resolved": "https://registry.npmjs.org/codec-parser/-/codec-parser-2.0.1.tgz",
      "integrity": "sha512-uklWKObm7GFPmo312MRHfWWCbLQV+LfY/0L8ttZdsNnWYRbqVm/NfJjFKbEvDM6XV5FS+AWMv47dvgkkdqnuCg=="
    },
    "prettier": {
      "version": "2.5.1",
      "resolved": "https://registry.npmjs.org/prettier/-/prettier-2.5.1.tgz",
      "integrity": "sha512-vBZcPRUR5MZJwoyi3ZoyQlc1rXeEck8KgeC9AwwOn+exuxLxq5toTRDTSaVrXHxelDMHy9zlicw8u66yxoSUFg==",
      "dev": true
    }
  }
}
