{
  "name": "mse-audio-wrapper",
  "version": "1.4.13",
  "lockfileVersion": 3,
  "requires": true,
  "packages": {
    "": {
      "name": "mse-audio-wrapper",
      "version": "1.4.13",
      "license": "LGPL-3.0-or-later",
      "dependencies": {
        "codec-parser": "2.4.3"
      },
      "devDependencies": {
        "prettier": "^3.0.1"
      },
      "funding": {
        "type": "individual",
        "url": "https://github.com/sponsors/eshaz"
      }
    },
    "node_modules/codec-parser": {
      "version": "2.4.3",
      "resolved": "https://registry.npmjs.org/codec-parser/-/codec-parser-2.4.3.tgz",
      "integrity": "sha512-3dAvFtdpxn4YLstqsB2ZiJXXNg7n1j7R5ONeDuk+2kBkb39PwrCRytOFHlSWA8q5jCjW3PumeMv9q37bFHsijg=="
    },
    "node_modules/prettier": {
      "version": "3.0.1",
      "resolved": "https://registry.npmjs.org/prettier/-/prettier-3.0.1.tgz",
      "integrity": "sha512-fcOWSnnpCrovBsmFZIGIy9UqK2FaI7Hqax+DIO0A9UxeVoY4iweyaFjS5TavZN97Hfehph0nhsZnjlVKzEQSrQ==",
      "dev": true,
      "bin": {
        "prettier": "bin/prettier.cjs"
      },
      "engines": {
        "node": ">=14"
      },
      "funding": {
        "url": "https://github.com/prettier/prettier?sponsor=1"
      }
    }
  }
}
